
Microsoft Visual Studio Solution File, Format Version 12.00
# Visual Studio Version 17
VisualStudioVersion = 17.6.33723.286
MinimumVisualStudioVersion = 10.0.40219.1
Project("{9A19103F-16F7-4668-BE54-9A1E7A4F7556}") = "MQTTLockClient", "MQTTLockClient\MQTTLockClient.csproj", "{892123AD-8CF2-4C2B-9E5C-DA44E001DF17}"
EndProject
Project("{9A19103F-16F7-4668-BE54-9A1E7A4F7556}") = "MQTTLockController", "MQTTLockController\MQTTLockController.csproj", "{E1CFC3C8-5BEF-4DA5-98B3-B3FD9897F941}"
EndProject
Global
	GlobalSection(SolutionConfigurationPlatforms) = preSolution
		Debug|Any CPU = Debug|Any CPU
		Release|Any CPU = Release|Any CPU
	EndGlobalSection
	GlobalSection(ProjectConfigurationPlatforms) = postSolution
		{892123AD-8CF2-4C2B-9E5C-DA44E001DF17}.Debug|Any CPU.ActiveCfg = Debug|Any CPU
		{892123AD-8CF2-4C2B-9E5C-DA44E001DF17}.Debug|Any CPU.Build.0 = Debug|Any CPU
		{892123AD-8CF2-4C2B-9E5C-DA44E001DF17}.Release|Any CPU.ActiveCfg = Release|Any CPU
		{892123AD-8CF2-4C2B-9E5C-DA44E001DF17}.Release|Any CPU.Build.0 = Release|Any CPU
		{E1CFC3C8-5BEF-4DA5-98B3-B3FD9897F941}.Debug|Any CPU.ActiveCfg = Debug|Any CPU
		{E1CFC3C8-5BEF-4DA5-98B3-B3FD9897F941}.Debug|Any CPU.Build.0 = Debug|Any CPU
		{E1CFC3C8-5BEF-4DA5-98B3-B3FD9897F941}.Release|Any CPU.ActiveCfg = Release|Any CPU
		{E1CFC3C8-5BEF-4DA5-98B3-B3FD9897F941}.Release|Any CPU.Build.0 = Release|Any CPU
	EndGlobalSection
	GlobalSection(SolutionProperties) = preSolution
		HideSolutionNode = FALSE
	EndGlobalSection
	GlobalSection(ExtensibilityGlobals) = postSolution
		SolutionGuid = {804BE5EA-0AB5-4D08-84DC-D6D10D0CFE8E}
	EndGlobalSection
EndGlobal
